
Microsoft Visual Studio Solution File, Format Version 12.00
# Visual Studio 14
VisualStudioVersion = 14.0.23107.0
MinimumVisualStudioVersion = 10.0.40219.1
Project("{FAE04EC0-301F-11D3-BF4B-00C04F79EFBC}") = "Chapter1_Exercise", "Chapter1_Exercise\Chapter1_Exercise.csproj", "{C041C60A-AD70-415C-B761-CE7F045FC48C}"
EndProject
Project("{FAE04EC0-301F-11D3-BF4B-00C04F79EFBC}") = "Chapter4_Example1", "Chapter4_Example1\Chapter4_Example1.csproj", "{E16A8A2E-20F9-4CAD-AFAA-601B5BA128F9}"
EndProject
Project("{FAE04EC0-301F-11D3-BF4B-00C04F79EFBC}") = "Chapter4_Example2", "Chapter4_Example2\Chapter4_Example2.csproj", "{AFF779F5-1929-419D-80D6-1418154459E7}"
EndProject
Project("{FAE04EC0-301F-11D3-BF4B-00C04F79EFBC}") = "Chapter4_Example3", "Chapter4_Example3\Chapter4_Example3.csproj", "{8049D0DB-137F-4F4B-9BCD-1AEBC9E8BAA9}"
EndProject
Project("{FAE04EC0-301F-11D3-BF4B-00C04F79EFBC}") = "Chapter4_Example4", "Chapter4_Example4\Chapter4_Example4.csproj", "{54B6F16F-DA3C-48CE-A8F8-452B30918A84}"
EndProject
Project("{FAE04EC0-301F-11D3-BF4B-00C04F79EFBC}") = "Chapter3_Exercise", "Chapter3_Exercise\Chapter3_Exercise.csproj", "{9220C344-3D06-4293-9190-70294800F0AE}"
EndProject
Project("{FAE04EC0-301F-11D3-BF4B-00C04F79EFBC}") = "Chapter5_Exercise", "Chapter5_Exercise\Chapter5_Exercise.csproj", "{4110EECB-8D50-42D9-9892-420E7B069744}"
EndProject
Project("{FAE04EC0-301F-11D3-BF4B-00C04F79EFBC}") = "Chapter6_Exercise", "Chapter6_Exercise\Chapter6_Exercise.csproj", "{462011EA-8BFD-414B-90FB-25F0B37C81D0}"
EndProject
Project("{FAE04EC0-301F-11D3-BF4B-00C04F79EFBC}") = "Chapter7_Exercise", "Chapter7_Exercise\Chapter7_Exercise.csproj", "{0A986FA6-29E2-404D-AF5C-9AB9D730DB6D}"
EndProject
Project("{FAE04EC0-301F-11D3-BF4B-00C04F79EFBC}") = "Chapter4_Exercise", "Chapter4_Exercise\Chapter4_Exercise.csproj", "{A5E22BA8-AA43-4F21-8B58-20CF6E424283}"
EndProject
Project("{FAE04EC0-301F-11D3-BF4B-00C04F79EFBC}") = "WeatherForecast", "WeatherForecast\WeatherForecast.csproj", "{98C99FF4-39F6-4B48-98DD-BEBE5BC0C8BE}"
EndProject
Global
	GlobalSection(SolutionConfigurationPlatforms) = preSolution
		Debug|Any CPU = Debug|Any CPU
		Release|Any CPU = Release|Any CPU
	EndGlobalSection
	GlobalSection(ProjectConfigurationPlatforms) = postSolution
		{C041C60A-AD70-415C-B761-CE7F045FC48C}.Debug|Any CPU.ActiveCfg = Debug|Any CPU
		{C041C60A-AD70-415C-B761-CE7F045FC48C}.Debug|Any CPU.Build.0 = Debug|Any CPU
		{C041C60A-AD70-415C-B761-CE7F045FC48C}.Release|Any CPU.ActiveCfg = Release|Any CPU
		{C041C60A-AD70-415C-B761-CE7F045FC48C}.Release|Any CPU.Build.0 = Release|Any CPU
		{E16A8A2E-20F9-4CAD-AFAA-601B5BA128F9}.Debug|Any CPU.ActiveCfg = Debug|Any CPU
		{E16A8A2E-20F9-4CAD-AFAA-601B5BA128F9}.Debug|Any CPU.Build.0 = Debug|Any CPU
		{E16A8A2E-20F9-4CAD-AFAA-601B5BA128F9}.Release|Any CPU.ActiveCfg = Release|Any CPU
		{E16A8A2E-20F9-4CAD-AFAA-601B5BA128F9}.Release|Any CPU.Build.0 = Release|Any CPU
		{AFF779F5-1929-419D-80D6-1418154459E7}.Debug|Any CPU.ActiveCfg = Debug|Any CPU
		{AFF779F5-1929-419D-80D6-1418154459E7}.Debug|Any CPU.Build.0 = Debug|Any CPU
		{AFF779F5-1929-419D-80D6-1418154459E7}.Release|Any CPU.ActiveCfg = Release|Any CPU
		{AFF779F5-1929-419D-80D6-1418154459E7}.Release|Any CPU.Build.0 = Release|Any CPU
		{8049D0DB-137F-4F4B-9BCD-1AEBC9E8BAA9}.Debug|Any CPU.ActiveCfg = Debug|Any CPU
		{8049D0DB-137F-4F4B-9BCD-1AEBC9E8BAA9}.Debug|Any CPU.Build.0 = Debug|Any CPU
		{8049D0DB-137F-4F4B-9BCD-1AEBC9E8BAA9}.Release|Any CPU.ActiveCfg = Release|Any CPU
		{8049D0DB-137F-4F4B-9BCD-1AEBC9E8BAA9}.Release|Any CPU.Build.0 = Release|Any CPU
		{54B6F16F-DA3C-48CE-A8F8-452B30918A84}.Debug|Any CPU.ActiveCfg = Debug|Any CPU
		{54B6F16F-DA3C-48CE-A8F8-452B30918A84}.Debug|Any CPU.Build.0 = Debug|Any CPU
		{54B6F16F-DA3C-48CE-A8F8-452B30918A84}.Release|Any CPU.ActiveCfg = Release|Any CPU
		{54B6F16F-DA3C-48CE-A8F8-452B30918A84}.Release|Any CPU.Build.0 = Release|Any CPU
		{9220C344-3D06-4293-9190-70294800F0AE}.Debug|Any CPU.ActiveCfg = Debug|Any CPU
		{9220C344-3D06-4293-9190-70294800F0AE}.Debug|Any CPU.Build.0 = Debug|Any CPU
		{9220C344-3D06-4293-9190-70294800F0AE}.Release|Any CPU.ActiveCfg = Release|Any CPU
		{9220C344-3D06-4293-9190-70294800F0AE}.Release|Any CPU.Build.0 = Release|Any CPU
		{4110EECB-8D50-42D9-9892-420E7B069744}.Debug|Any CPU.ActiveCfg = Debug|Any CPU
		{4110EECB-8D50-42D9-9892-420E7B069744}.Debug|Any CPU.Build.0 = Debug|Any CPU
		{4110EECB-8D50-42D9-9892-420E7B069744}.Release|Any CPU.ActiveCfg = Release|Any CPU
		{4110EECB-8D50-42D9-9892-420E7B069744}.Release|Any CPU.Build.0 = Release|Any CPU
		{462011EA-8BFD-414B-90FB-25F0B37C81D0}.Debug|Any CPU.ActiveCfg = Debug|Any CPU
		{462011EA-8BFD-414B-90FB-25F0B37C81D0}.Debug|Any CPU.Build.0 = Debug|Any CPU
		{462011EA-8BFD-414B-90FB-25F0B37C81D0}.Release|Any CPU.ActiveCfg = Release|Any CPU
		{462011EA-8BFD-414B-90FB-25F0B37C81D0}.Release|Any CPU.Build.0 = Release|Any CPU
		{0A986FA6-29E2-404D-AF5C-9AB9D730DB6D}.Debug|Any CPU.ActiveCfg = Debug|Any CPU
		{0A986FA6-29E2-404D-AF5C-9AB9D730DB6D}.Debug|Any CPU.Build.0 = Debug|Any CPU
		{0A986FA6-29E2-404D-AF5C-9AB9D730DB6D}.Release|Any CPU.ActiveCfg = Release|Any CPU
		{0A986FA6-29E2-404D-AF5C-9AB9D730DB6D}.Release|Any CPU.Build.0 = Release|Any CPU
		{A5E22BA8-AA43-4F21-8B58-20CF6E424283}.Debug|Any CPU.ActiveCfg = Debug|Any CPU
		{A5E22BA8-AA43-4F21-8B58-20CF6E424283}.Debug|Any CPU.Build.0 = Debug|Any CPU
		{A5E22BA8-AA43-4F21-8B58-20CF6E424283}.Release|Any CPU.ActiveCfg = Release|Any CPU
		{A5E22BA8-AA43-4F21-8B58-20CF6E424283}.Release|Any CPU.Build.0 = Release|Any CPU
		{98C99FF4-39F6-4B48-98DD-BEBE5BC0C8BE}.Debug|Any CPU.ActiveCfg = Debug|Any CPU
		{98C99FF4-39F6-4B48-98DD-BEBE5BC0C8BE}.Debug|Any CPU.Build.0 = Debug|Any CPU
		{98C99FF4-39F6-4B48-98DD-BEBE5BC0C8BE}.Release|Any CPU.ActiveCfg = Release|Any CPU
		{98C99FF4-39F6-4B48-98DD-BEBE5BC0C8BE}.Release|Any CPU.Build.0 = Release|Any CPU
	EndGlobalSection
	GlobalSection(SolutionProperties) = preSolution
		HideSolutionNode = FALSE
	EndGlobalSection
EndGlobal
